{
    "version": 3,
    "terraform_version": "0.11.8",
    "serial": 52,
    "lineage": "f24d7614-4d5b-77ce-8a9b-6af6647090e9",
    "modules": [
        {
            "path": [
                "root"
            ],
            "outputs": {
                "api_gateway_url": {
                    "sensitive": false,
                    "type": "string",
                    "value": "https://ffdbcyxgz3.execute-api.us-east-1.amazonaws.com/latest"
                },
                "cloudfront_distribution_id": {
                    "sensitive": false,
                    "type": "string",
                    "value": "EN255N14EJZLA"
                },
                "user_pool_client_id": {
                    "sensitive": false,
                    "type": "string",
                    "value": "15ha3areoapfhq137o7ft1gt2v"
                },
                "user_pool_id": {
                    "sensitive": false,
                    "type": "string",
                    "value": "us-east-1_fI7YkmJCN"
                }
            },
            "resources": {
                "aws_acm_certificate.cert": {
                    "type": "aws_acm_certificate",
                    "depends_on": [],
                    "primary": {
                        "id": "arn:aws:acm:us-east-1:031103291064:certificate/500ef63f-8ee2-497c-ba09-74389f2cf361",
                        "attributes": {
                            "arn": "arn:aws:acm:us-east-1:031103291064:certificate/500ef63f-8ee2-497c-ba09-74389f2cf361",
                            "domain_name": "knncreative.com",
                            "domain_validation_options.#": "0",
                            "id": "arn:aws:acm:us-east-1:031103291064:certificate/500ef63f-8ee2-497c-ba09-74389f2cf361",
                            "subject_alternative_names.#": "1",
                            "subject_alternative_names.0": "*.knncreative.com",
                            "tags.%": "0",
                            "validation_emails.#": "11",
                            "validation_emails.0": "admin@knncreative.com",
                            "validation_emails.1": "administrator@knncreative.com",
                            "validation_emails.10": "hostmaster@knncreative.com",
                            "validation_emails.2": "postmaster@knncreative.com",
                            "validation_emails.3": "webmaster@knncreative.com",
                            "validation_emails.4": "kien-pham@utulsa.edu",
                            "validation_emails.5": "hostmaster@knncreative.com",
                            "validation_emails.6": "admin@knncreative.com",
                            "validation_emails.7": "administrator@knncreative.com",
                            "validation_emails.8": "postmaster@knncreative.com",
                            "validation_emails.9": "webmaster@knncreative.com",
                            "validation_method": "EMAIL"
                        },
                        "meta": {},
                        "tainted": false
                    },
                    "deposed": [],
                    "provider": "provider.aws"
                },
                "aws_api_gateway_deployment.api": {
                    "type": "aws_api_gateway_deployment",
                    "depends_on": [
                        "aws_api_gateway_integration.lambda",
                        "aws_api_gateway_integration.lambda_root",
                        "aws_api_gateway_rest_api.api"
                    ],
                    "primary": {
                        "id": "6twmt8",
                        "attributes": {
                            "created_date": "2018-09-24T07:43:34Z",
                            "description": "",
                            "execution_arn": "arn:aws:execute-api:us-east-1:031103291064:ffdbcyxgz3/latest",
                            "id": "6twmt8",
                            "invoke_url": "https://ffdbcyxgz3.execute-api.us-east-1.amazonaws.com/latest",
                            "rest_api_id": "ffdbcyxgz3",
                            "stage_name": "latest"
                        },
                        "meta": {},
                        "tainted": false
                    },
                    "deposed": [],
                    "provider": "provider.aws"
                },
                "aws_api_gateway_integration.lambda": {
                    "type": "aws_api_gateway_integration",
                    "depends_on": [
                        "aws_api_gateway_method.proxy",
                        "aws_api_gateway_rest_api.api",
                        "aws_lambda_function.LambdaAPIFunction"
                    ],
                    "primary": {
                        "id": "agi-ffdbcyxgz3-feh9yy-ANY",
                        "attributes": {
                            "cache_key_parameters.#": "0",
                            "cache_namespace": "feh9yy",
                            "connection_id": "",
                            "connection_type": "INTERNET",
                            "content_handling": "",
                            "credentials": "",
                            "http_method": "ANY",
                            "id": "agi-ffdbcyxgz3-feh9yy-ANY",
                            "integration_http_method": "POST",
                            "passthrough_behavior": "WHEN_NO_MATCH",
                            "request_parameters.%": "0",
                            "request_templates.%": "0",
                            "resource_id": "feh9yy",
                            "rest_api_id": "ffdbcyxgz3",
                            "timeout_milliseconds": "29000",
                            "type": "AWS_PROXY",
                            "uri": "arn:aws:apigateway:us-east-1:lambda:path/2015-03-31/functions/arn:aws:lambda:us-east-1:031103291064:function:networth-api/invocations"
                        },
                        "meta": {},
                        "tainted": false
                    },
                    "deposed": [],
                    "provider": "provider.aws"
                },
                "aws_api_gateway_integration.lambda_root": {
                    "type": "aws_api_gateway_integration",
                    "depends_on": [
                        "aws_api_gateway_method.proxy_root",
                        "aws_api_gateway_rest_api.api",
                        "aws_lambda_function.LambdaAPIFunction"
                    ],
                    "primary": {
                        "id": "agi-ffdbcyxgz3-2njf1bcv1i-ANY",
                        "attributes": {
                            "cache_key_parameters.#": "0",
                            "cache_namespace": "2njf1bcv1i",
                            "connection_id": "",
                            "connection_type": "INTERNET",
                            "content_handling": "",
                            "credentials": "",
                            "http_method": "ANY",
                            "id": "agi-ffdbcyxgz3-2njf1bcv1i-ANY",
                            "integration_http_method": "POST",
                            "passthrough_behavior": "WHEN_NO_MATCH",
                            "request_parameters.%": "0",
                            "request_templates.%": "0",
                            "resource_id": "2njf1bcv1i",
                            "rest_api_id": "ffdbcyxgz3",
                            "timeout_milliseconds": "29000",
                            "type": "AWS_PROXY",
                            "uri": "arn:aws:apigateway:us-east-1:lambda:path/2015-03-31/functions/arn:aws:lambda:us-east-1:031103291064:function:networth-api/invocations"
                        },
                        "meta": {},
                        "tainted": false
                    },
                    "deposed": [],
                    "provider": "provider.aws"
                },
                "aws_api_gateway_method.proxy": {
                    "type": "aws_api_gateway_method",
                    "depends_on": [
                        "aws_api_gateway_resource.proxy",
                        "aws_api_gateway_rest_api.api"
                    ],
                    "primary": {
                        "id": "agm-ffdbcyxgz3-feh9yy-ANY",
                        "attributes": {
                            "api_key_required": "false",
                            "authorization": "NONE",
                            "authorization_scopes.#": "0",
                            "authorizer_id": "",
                            "http_method": "ANY",
                            "id": "agm-ffdbcyxgz3-feh9yy-ANY",
                            "request_models.%": "0",
                            "request_parameters.%": "0",
                            "request_validator_id": "",
                            "resource_id": "feh9yy",
                            "rest_api_id": "ffdbcyxgz3"
                        },
                        "meta": {},
                        "tainted": false
                    },
                    "deposed": [],
                    "provider": "provider.aws"
                },
                "aws_api_gateway_method.proxy_root": {
                    "type": "aws_api_gateway_method",
                    "depends_on": [
                        "aws_api_gateway_rest_api.api"
                    ],
                    "primary": {
                        "id": "agm-ffdbcyxgz3-2njf1bcv1i-ANY",
                        "attributes": {
                            "api_key_required": "false",
                            "authorization": "NONE",
                            "authorization_scopes.#": "0",
                            "authorizer_id": "",
                            "http_method": "ANY",
                            "id": "agm-ffdbcyxgz3-2njf1bcv1i-ANY",
                            "request_models.%": "0",
                            "request_parameters.%": "0",
                            "request_validator_id": "",
                            "resource_id": "2njf1bcv1i",
                            "rest_api_id": "ffdbcyxgz3"
                        },
                        "meta": {},
                        "tainted": false
                    },
                    "deposed": [],
                    "provider": "provider.aws"
                },
                "aws_api_gateway_resource.proxy": {
                    "type": "aws_api_gateway_resource",
                    "depends_on": [
                        "aws_api_gateway_rest_api.api"
                    ],
                    "primary": {
                        "id": "feh9yy",
                        "attributes": {
                            "id": "feh9yy",
                            "parent_id": "2njf1bcv1i",
                            "path": "/{proxy+}",
                            "path_part": "{proxy+}",
                            "rest_api_id": "ffdbcyxgz3"
                        },
                        "meta": {},
                        "tainted": false
                    },
                    "deposed": [],
                    "provider": "provider.aws"
                },
                "aws_api_gateway_rest_api.api": {
                    "type": "aws_api_gateway_rest_api",
                    "depends_on": [],
                    "primary": {
                        "id": "ffdbcyxgz3",
                        "attributes": {
                            "api_key_source": "HEADER",
                            "binary_media_types.#": "0",
                            "created_date": "2018-09-24T07:36:43Z",
                            "description": "",
                            "endpoint_configuration.#": "1",
                            "endpoint_configuration.0.types.#": "1",
                            "endpoint_configuration.0.types.0": "EDGE",
                            "execution_arn": "arn:aws:execute-api:us-east-1:031103291064:ffdbcyxgz3",
                            "id": "ffdbcyxgz3",
                            "minimum_compression_size": "-1",
                            "name": "networth",
                            "policy": "",
                            "root_resource_id": "2njf1bcv1i"
                        },
                        "meta": {},
                        "tainted": false
                    },
                    "deposed": [],
                    "provider": "provider.aws"
                },
                "aws_cloudfront_distribution.CloudFrontResource": {
                    "type": "aws_cloudfront_distribution",
                    "depends_on": [
                        "aws_acm_certificate.cert",
                        "aws_cloudfront_origin_access_identity.id",
                        "aws_s3_bucket.LandingS3Bucket",
                        "aws_s3_bucket.LoggingS3Bucket",
                        "aws_s3_bucket.WebAppS3BucketResource"
                    ],
                    "primary": {
                        "id": "EN255N14EJZLA",
                        "attributes": {
                            "active_trusted_signers.%": "2",
                            "active_trusted_signers.enabled": "false",
                            "active_trusted_signers.items.#": "0",
                            "aliases.#": "2",
                            "aliases.2020599255": "www.knncreative.com",
                            "aliases.479831264": "knncreative.com",
                            "arn": "arn:aws:cloudfront::031103291064:distribution/EN255N14EJZLA",
                            "caller_reference": "2018-09-23T10:56:52.652938-07:00",
                            "comment": "knncreative.com",
                            "custom_error_response.#": "0",
                            "default_cache_behavior.#": "1",
                            "default_cache_behavior.481521393.allowed_methods.#": "2",
                            "default_cache_behavior.481521393.allowed_methods.0": "HEAD",
                            "default_cache_behavior.481521393.allowed_methods.1": "GET",
                            "default_cache_behavior.481521393.cached_methods.#": "2",
                            "default_cache_behavior.481521393.cached_methods.0": "HEAD",
                            "default_cache_behavior.481521393.cached_methods.1": "GET",
                            "default_cache_behavior.481521393.compress": "true",
                            "default_cache_behavior.481521393.default_ttl": "86400",
                            "default_cache_behavior.481521393.field_level_encryption_id": "",
                            "default_cache_behavior.481521393.forwarded_values.#": "1",
                            "default_cache_behavior.481521393.forwarded_values.2759845635.cookies.#": "1",
                            "default_cache_behavior.481521393.forwarded_values.2759845635.cookies.2625240281.forward": "none",
                            "default_cache_behavior.481521393.forwarded_values.2759845635.cookies.2625240281.whitelisted_names.#": "0",
                            "default_cache_behavior.481521393.forwarded_values.2759845635.headers.#": "0",
                            "default_cache_behavior.481521393.forwarded_values.2759845635.query_string": "false",
                            "default_cache_behavior.481521393.forwarded_values.2759845635.query_string_cache_keys.#": "0",
                            "default_cache_behavior.481521393.lambda_function_association.#": "0",
                            "default_cache_behavior.481521393.max_ttl": "31536000",
                            "default_cache_behavior.481521393.min_ttl": "0",
                            "default_cache_behavior.481521393.smooth_streaming": "false",
                            "default_cache_behavior.481521393.target_origin_id": "landing",
                            "default_cache_behavior.481521393.trusted_signers.#": "0",
                            "default_cache_behavior.481521393.viewer_protocol_policy": "redirect-to-https",
                            "default_root_object": "index.html",
                            "domain_name": "dep1z5gp4kiy9.cloudfront.net",
                            "enabled": "true",
                            "etag": "E21R1LIODZIATR",
                            "hosted_zone_id": "Z2FDTNDATAQYW2",
                            "http_version": "http2",
                            "id": "EN255N14EJZLA",
                            "in_progress_validation_batches": "0",
                            "is_ipv6_enabled": "true",
                            "last_modified_time": "2018-09-23 18:47:12.356 +0000 UTC",
                            "logging_config.#": "1",
                            "logging_config.1969221309.bucket": "log.knncreative.com.s3.amazonaws.com",
                            "logging_config.1969221309.include_cookies": "false",
                            "logging_config.1969221309.prefix": "knncreative.com",
                            "ordered_cache_behavior.#": "1",
                            "ordered_cache_behavior.0.allowed_methods.#": "2",
                            "ordered_cache_behavior.0.allowed_methods.1040875975": "GET",
                            "ordered_cache_behavior.0.allowed_methods.1445840968": "HEAD",
                            "ordered_cache_behavior.0.cached_methods.#": "2",
                            "ordered_cache_behavior.0.cached_methods.1040875975": "GET",
                            "ordered_cache_behavior.0.cached_methods.1445840968": "HEAD",
                            "ordered_cache_behavior.0.compress": "true",
                            "ordered_cache_behavior.0.default_ttl": "86400",
                            "ordered_cache_behavior.0.field_level_encryption_id": "",
                            "ordered_cache_behavior.0.forwarded_values.#": "1",
                            "ordered_cache_behavior.0.forwarded_values.1708544824.cookies.#": "1",
                            "ordered_cache_behavior.0.forwarded_values.1708544824.cookies.2625240281.forward": "none",
                            "ordered_cache_behavior.0.forwarded_values.1708544824.cookies.2625240281.whitelisted_names.#": "0",
                            "ordered_cache_behavior.0.forwarded_values.1708544824.headers.#": "2",
                            "ordered_cache_behavior.0.forwarded_values.1708544824.headers.0": "Authorization",
                            "ordered_cache_behavior.0.forwarded_values.1708544824.headers.1": "Origin",
                            "ordered_cache_behavior.0.forwarded_values.1708544824.query_string": "false",
                            "ordered_cache_behavior.0.forwarded_values.1708544824.query_string_cache_keys.#": "0",
                            "ordered_cache_behavior.0.lambda_function_association.#": "0",
                            "ordered_cache_behavior.0.max_ttl": "31536000",
                            "ordered_cache_behavior.0.min_ttl": "0",
                            "ordered_cache_behavior.0.path_pattern": "/app*",
                            "ordered_cache_behavior.0.smooth_streaming": "false",
                            "ordered_cache_behavior.0.target_origin_id": "webapp",
                            "ordered_cache_behavior.0.trusted_signers.#": "0",
                            "ordered_cache_behavior.0.viewer_protocol_policy": "redirect-to-https",
                            "origin.#": "2",
                            "origin.3461238540.custom_header.#": "0",
                            "origin.3461238540.custom_origin_config.#": "0",
                            "origin.3461238540.domain_name": "knncreative.com.s3.amazonaws.com",
                            "origin.3461238540.origin_id": "landing",
                            "origin.3461238540.origin_path": "",
                            "origin.3461238540.s3_origin_config.#": "1",
                            "origin.3461238540.s3_origin_config.854425757.origin_access_identity": "origin-access-identity/cloudfront/ECQ6OLA0SJ4N7",
                            "origin.3768516980.custom_header.#": "0",
                            "origin.3768516980.custom_origin_config.#": "1",
                            "origin.3768516980.custom_origin_config.2850156311.http_port": "80",
                            "origin.3768516980.custom_origin_config.2850156311.https_port": "443",
                            "origin.3768516980.custom_origin_config.2850156311.origin_keepalive_timeout": "5",
                            "origin.3768516980.custom_origin_config.2850156311.origin_protocol_policy": "http-only",
                            "origin.3768516980.custom_origin_config.2850156311.origin_read_timeout": "30",
                            "origin.3768516980.custom_origin_config.2850156311.origin_ssl_protocols.#": "2",
                            "origin.3768516980.custom_origin_config.2850156311.origin_ssl_protocols.0": "TLSv1.1",
                            "origin.3768516980.custom_origin_config.2850156311.origin_ssl_protocols.1": "TLSv1.2",
                            "origin.3768516980.domain_name": "webapp.knncreative.com.s3-website-us-east-1.amazonaws.com",
                            "origin.3768516980.origin_id": "webapp",
                            "origin.3768516980.origin_path": "",
                            "origin.3768516980.s3_origin_config.#": "0",
                            "price_class": "PriceClass_100",
                            "restrictions.#": "1",
                            "restrictions.1097372288.geo_restriction.#": "1",
                            "restrictions.1097372288.geo_restriction.2625240281.locations.#": "0",
                            "restrictions.1097372288.geo_restriction.2625240281.restriction_type": "none",
                            "retain_on_delete": "false",
                            "status": "Deployed",
                            "tags.%": "0",
                            "viewer_certificate.#": "1",
                            "viewer_certificate.341104433.acm_certificate_arn": "arn:aws:acm:us-east-1:031103291064:certificate/500ef63f-8ee2-497c-ba09-74389f2cf361",
                            "viewer_certificate.341104433.cloudfront_default_certificate": "false",
                            "viewer_certificate.341104433.iam_certificate_id": "",
                            "viewer_certificate.341104433.minimum_protocol_version": "TLSv1.1_2016",
                            "viewer_certificate.341104433.ssl_support_method": "sni-only",
                            "web_acl_id": ""
                        },
                        "meta": {},
                        "tainted": false
                    },
                    "deposed": [],
                    "provider": "provider.aws"
                },
                "aws_cloudfront_origin_access_identity.id": {
                    "type": "aws_cloudfront_origin_access_identity",
                    "depends_on": [],
                    "primary": {
                        "id": "ECQ6OLA0SJ4N7",
                        "attributes": {
                            "caller_reference": "2018-09-23T10:03:05.857758-07:00",
                            "cloudfront_access_identity_path": "origin-access-identity/cloudfront/ECQ6OLA0SJ4N7",
                            "etag": "E1OYWXRGDH8CMU",
                            "iam_arn": "arn:aws:iam::cloudfront:user/CloudFront Origin Access Identity ECQ6OLA0SJ4N7",
                            "id": "ECQ6OLA0SJ4N7",
                            "s3_canonical_user_id": "ce519e3d0454d4a5deb9e8587d8ef8d37f97e01a94b1632bde751fe113bbf5e9b798d38da1be8b5956a88583b358cdd5"
                        },
                        "meta": {},
                        "tainted": false
                    },
                    "deposed": [],
                    "provider": "provider.aws"
                },
                "aws_cognito_identity_pool.CognitoIdentityPool": {
                    "type": "aws_cognito_identity_pool",
                    "depends_on": [
                        "aws_cognito_user_pool.UserPool",
                        "aws_cognito_user_pool_client.UserPoolClient"
                    ],
                    "primary": {
                        "id": "us-east-1:a5d38f0d-d8e9-415f-87a4-e1ca74027eb6",
                        "attributes": {
                            "allow_unauthenticated_identities": "true",
                            "arn": "arn:aws:cognito-identity:us-east-1:031103291064:identitypool/us-east-1:a5d38f0d-d8e9-415f-87a4-e1ca74027eb6",
                            "cognito_identity_providers.#": "1",
                            "cognito_identity_providers.43605549.client_id": "15ha3areoapfhq137o7ft1gt2v",
                            "cognito_identity_providers.43605549.provider_name": "cognito-idp.us-east-1.amazonaws.com/us-east-1_fI7YkmJCN",
                            "cognito_identity_providers.43605549.server_side_token_check": "false",
                            "developer_provider_name": "networth",
                            "id": "us-east-1:a5d38f0d-d8e9-415f-87a4-e1ca74027eb6",
                            "identity_pool_name": "networth",
                            "openid_connect_provider_arns.#": "0",
                            "saml_provider_arns.#": "0",
                            "supported_login_providers.%": "0"
                        },
                        "meta": {},
                        "tainted": false
                    },
                    "deposed": [],
                    "provider": "provider.aws"
                },
                "aws_cognito_identity_pool_roles_attachment.CognitoIdentityPoolRoleAttachment": {
                    "type": "aws_cognito_identity_pool_roles_attachment",
                    "depends_on": [
                        "aws_cognito_identity_pool.CognitoIdentityPool",
                        "aws_iam_role.CognitoIdentityPoolRole"
                    ],
                    "primary": {
                        "id": "us-east-1:a5d38f0d-d8e9-415f-87a4-e1ca74027eb6",
                        "attributes": {
                            "id": "us-east-1:a5d38f0d-d8e9-415f-87a4-e1ca74027eb6",
                            "identity_pool_id": "us-east-1:a5d38f0d-d8e9-415f-87a4-e1ca74027eb6",
                            "role_mapping.#": "0",
                            "roles.%": "2",
                            "roles.authenticated": "arn:aws:iam::031103291064:role/CognitoIdentityPoolRole",
                            "roles.unauthenticated": "arn:aws:iam::031103291064:role/CognitoIdentityPoolRole"
                        },
                        "meta": {},
                        "tainted": false
                    },
                    "deposed": [],
                    "provider": "provider.aws"
                },
                "aws_cognito_user_pool.UserPool": {
                    "type": "aws_cognito_user_pool",
                    "depends_on": [],
                    "primary": {
                        "id": "us-east-1_fI7YkmJCN",
                        "attributes": {
                            "admin_create_user_config.#": "1",
                            "admin_create_user_config.0.allow_admin_create_user_only": "false",
                            "admin_create_user_config.0.invite_message_template.#": "0",
                            "admin_create_user_config.0.unused_account_validity_days": "7",
                            "arn": "arn:aws:cognito-idp:us-east-1:031103291064:userpool/us-east-1_fI7YkmJCN",
                            "auto_verified_attributes.#": "0",
                            "creation_date": "2018-09-23T05:40:04Z",
                            "device_configuration.#": "0",
                            "email_configuration.#": "0",
                            "endpoint": "cognito-idp.us-east-1.amazonaws.com/us-east-1_fI7YkmJCN",
                            "id": "us-east-1_fI7YkmJCN",
                            "lambda_config.#": "0",
                            "last_modified_date": "2018-09-23T05:40:04Z",
                            "mfa_configuration": "OFF",
                            "name": "networth",
                            "password_policy.#": "1",
                            "password_policy.0.minimum_length": "8",
                            "password_policy.0.require_lowercase": "true",
                            "password_policy.0.require_numbers": "true",
                            "password_policy.0.require_symbols": "true",
                            "password_policy.0.require_uppercase": "true",
                            "schema.#": "0",
                            "sms_configuration.#": "0",
                            "tags.%": "0",
                            "verification_message_template.#": "1",
                            "verification_message_template.0.default_email_option": "CONFIRM_WITH_CODE",
                            "verification_message_template.0.email_message": "",
                            "verification_message_template.0.email_message_by_link": "",
                            "verification_message_template.0.email_subject": "",
                            "verification_message_template.0.email_subject_by_link": "",
                            "verification_message_template.0.sms_message": ""
                        },
                        "meta": {},
                        "tainted": false
                    },
                    "deposed": [],
                    "provider": "provider.aws"
                },
                "aws_cognito_user_pool_client.UserPoolClient": {
                    "type": "aws_cognito_user_pool_client",
                    "depends_on": [
                        "aws_cognito_user_pool.UserPool"
                    ],
                    "primary": {
                        "id": "15ha3areoapfhq137o7ft1gt2v",
                        "attributes": {
                            "allowed_oauth_flows.#": "0",
                            "allowed_oauth_flows_user_pool_client": "false",
                            "allowed_oauth_scopes.#": "0",
                            "callback_urls.#": "0",
                            "client_secret": "",
                            "default_redirect_uri": "",
                            "explicit_auth_flows.#": "0",
                            "id": "15ha3areoapfhq137o7ft1gt2v",
                            "logout_urls.#": "0",
                            "name": "networth-webapp",
                            "read_attributes.#": "0",
                            "refresh_token_validity": "30",
                            "supported_identity_providers.#": "0",
                            "user_pool_id": "us-east-1_fI7YkmJCN",
                            "write_attributes.#": "0"
                        },
                        "meta": {},
                        "tainted": false
                    },
                    "deposed": [],
                    "provider": "provider.aws"
                },
                "aws_dynamodb_table.db_table": {
                    "type": "aws_dynamodb_table",
                    "depends_on": [],
                    "primary": {
                        "id": "networth",
                        "attributes": {
                            "arn": "arn:aws:dynamodb:us-east-1:031103291064:table/networth",
                            "attribute.#": "2",
                            "attribute.1122817774.name": "sort",
                            "attribute.1122817774.type": "S",
                            "attribute.4228504427.name": "id",
                            "attribute.4228504427.type": "S",
                            "global_secondary_index.#": "0",
                            "hash_key": "id",
                            "id": "networth",
                            "local_secondary_index.#": "0",
                            "name": "networth",
                            "point_in_time_recovery.#": "1",
                            "point_in_time_recovery.0.enabled": "false",
                            "range_key": "sort",
                            "read_capacity": "1",
                            "server_side_encryption.#": "1",
                            "server_side_encryption.0.enabled": "true",
                            "stream_arn": "arn:aws:dynamodb:us-east-1:031103291064:table/networth/stream/2018-09-22T17:46:40.487",
                            "stream_enabled": "true",
                            "stream_label": "2018-09-22T17:46:40.487",
                            "stream_view_type": "NEW_AND_OLD_IMAGES",
                            "tags.%": "0",
                            "ttl.#": "0",
                            "write_capacity": "1"
                        },
                        "meta": {
                            "e2bfb730-ecaa-11e6-8f88-34363bc7c4c0": {
                                "create": 600000000000,
                                "delete": 600000000000,
                                "update": 600000000000
                            },
                            "schema_version": "1"
                        },
                        "tainted": false
                    },
                    "deposed": [],
                    "provider": "provider.aws"
                },
                "aws_iam_policy.DynamoDBPolicy": {
                    "type": "aws_iam_policy",
                    "depends_on": [
                        "data.aws_iam_policy_document.DynamoDBPolicyDoc"
                    ],
                    "primary": {
                        "id": "arn:aws:iam::031103291064:policy/DyanmoDBFullAccessForLambda",
                        "attributes": {
                            "arn": "arn:aws:iam::031103291064:policy/DyanmoDBFullAccessForLambda",
                            "description": "",
                            "id": "arn:aws:iam::031103291064:policy/DyanmoDBFullAccessForLambda",
                            "name": "DyanmoDBFullAccessForLambda",
                            "path": "/",
                            "policy": "{\n  \"Version\": \"2012-10-17\",\n  \"Statement\": [\n    {\n      \"Sid\": \"\",\n      \"Effect\": \"Allow\",\n      \"Action\": \"dynamodb:*\",\n      \"Resource\": \"arn:aws:dynamodb:us-east-1:031103291064:table/networth\"\n    }\n  ]\n}"
                        },
                        "meta": {},
                        "tainted": false
                    },
                    "deposed": [],
                    "provider": "provider.aws"
                },
                "aws_iam_role.CognitoIdentityPoolRole": {
                    "type": "aws_iam_role",
                    "depends_on": [
                        "data.aws_iam_policy_document.CognitoIdentityPoolPolicyDoc"
                    ],
                    "primary": {
                        "id": "CognitoIdentityPoolRole",
                        "attributes": {
                            "arn": "arn:aws:iam::031103291064:role/CognitoIdentityPoolRole",
                            "assume_role_policy": "{\"Version\":\"2012-10-17\",\"Statement\":[{\"Sid\":\"\",\"Effect\":\"Allow\",\"Principal\":{\"Service\":\"cognito-idp.amazonaws.com\"},\"Action\":\"sts:AssumeRole\"}]}",
                            "create_date": "2018-09-23T05:54:08Z",
                            "description": "",
                            "force_detach_policies": "false",
                            "id": "CognitoIdentityPoolRole",
                            "max_session_duration": "3600",
                            "name": "CognitoIdentityPoolRole",
                            "path": "/",
                            "unique_id": "AROAJMNH52E5GJQFAN32Y"
                        },
                        "meta": {},
                        "tainted": false
                    },
                    "deposed": [],
                    "provider": "provider.aws"
                },
                "aws_iam_role.LambdaRole": {
                    "type": "aws_iam_role",
                    "depends_on": [
                        "data.aws_iam_policy_document.LambdaRolePolicyDoc"
                    ],
                    "primary": {
                        "id": "LambdaRole",
                        "attributes": {
                            "arn": "arn:aws:iam::031103291064:role/LambdaRole",
                            "assume_role_policy": "{\"Version\":\"2012-10-17\",\"Statement\":[{\"Sid\":\"\",\"Effect\":\"Allow\",\"Principal\":{\"Service\":\"lambda.amazonaws.com\"},\"Action\":\"sts:AssumeRole\"}]}",
                            "create_date": "2018-09-23T16:22:17Z",
                            "description": "",
                            "force_detach_policies": "false",
                            "id": "LambdaRole",
                            "max_session_duration": "3600",
                            "name": "LambdaRole",
                            "path": "/",
                            "unique_id": "AROAJE7N2ZS7U25QC2F5M"
                        },
                        "meta": {},
                        "tainted": false
                    },
                    "deposed": [],
                    "provider": "provider.aws"
                },
                "aws_iam_role_policy_attachment.LambdaRoleAttachDynamoDB": {
                    "type": "aws_iam_role_policy_attachment",
                    "depends_on": [
                        "aws_iam_policy.DynamoDBPolicy",
                        "aws_iam_role.LambdaRole"
                    ],
                    "primary": {
                        "id": "LambdaRole-20180923165613117500000001",
                        "attributes": {
                            "id": "LambdaRole-20180923165613117500000001",
                            "policy_arn": "arn:aws:iam::031103291064:policy/DyanmoDBFullAccessForLambda",
                            "role": "LambdaRole"
                        },
                        "meta": {},
                        "tainted": false
                    },
                    "deposed": [],
                    "provider": "provider.aws"
                },
                "aws_iam_role_policy_attachment.LambdaRoleAttachLambdaBasic": {
                    "type": "aws_iam_role_policy_attachment",
                    "depends_on": [
                        "aws_iam_role.LambdaRole"
                    ],
                    "primary": {
                        "id": "LambdaRole-20180923165901948000000001",
                        "attributes": {
                            "id": "LambdaRole-20180923165901948000000001",
                            "policy_arn": "arn:aws:iam::aws:policy/service-role/AWSLambdaBasicExecutionRole",
                            "role": "LambdaRole"
                        },
                        "meta": {},
                        "tainted": false
                    },
                    "deposed": [],
                    "provider": "provider.aws"
                },
                "aws_kms_alias.KMSAlias": {
                    "type": "aws_kms_alias",
                    "depends_on": [
                        "aws_kms_key.KMSKey"
                    ],
                    "primary": {
                        "id": "alias/networth",
                        "attributes": {
                            "arn": "arn:aws:kms:us-east-1:031103291064:alias/networth",
                            "id": "alias/networth",
                            "name": "alias/networth",
                            "target_key_arn": "arn:aws:kms:us-east-1:031103291064:key/3ad87cac-3a81-4f35-aac6-30c9ffb774da",
                            "target_key_id": "3ad87cac-3a81-4f35-aac6-30c9ffb774da"
                        },
                        "meta": {},
                        "tainted": false
                    },
                    "deposed": [],
                    "provider": "provider.aws"
                },
                "aws_kms_key.KMSKey": {
                    "type": "aws_kms_key",
                    "depends_on": [
                        "data.aws_iam_policy_document.KMSKeyPolicyDoc"
                    ],
                    "primary": {
                        "id": "3ad87cac-3a81-4f35-aac6-30c9ffb774da",
                        "attributes": {
                            "arn": "arn:aws:kms:us-east-1:031103291064:key/3ad87cac-3a81-4f35-aac6-30c9ffb774da",
                            "description": "",
                            "enable_key_rotation": "false",
                            "id": "3ad87cac-3a81-4f35-aac6-30c9ffb774da",
                            "is_enabled": "true",
                            "key_id": "3ad87cac-3a81-4f35-aac6-30c9ffb774da",
                            "key_usage": "ENCRYPT_DECRYPT",
                            "policy": "{\"Id\":\"key-default-1\",\"Statement\":[{\"Action\":\"kms:*\",\"Effect\":\"Allow\",\"Principal\":{\"AWS\":\"arn:aws:iam::031103291064:root\"},\"Resource\":\"*\",\"Sid\":\"Enable IAM User Permissions\"}],\"Version\":\"2012-10-17\"}",
                            "tags.%": "0"
                        },
                        "meta": {},
                        "tainted": false
                    },
                    "deposed": [],
                    "provider": "provider.aws"
                },
                "aws_lambda_function.LambdaAPIFunction": {
                    "type": "aws_lambda_function",
                    "depends_on": [
                        "aws_dynamodb_table.db_table",
                        "aws_iam_role.LambdaRole",
                        "aws_kms_alias.KMSAlias",
                        "aws_sns_topic.SNSTopic",
                        "aws_ssm_parameter.PLAID_CLIENT_ID",
                        "aws_ssm_parameter.PLAID_ENV",
                        "aws_ssm_parameter.PLAID_PUBLIC_KEY",
                        "aws_ssm_parameter.PLAID_SECRET",
                        "aws_ssm_parameter.SLACK_WEBHOOK_URL"
                    ],
                    "primary": {
                        "id": "networth-api",
                        "attributes": {
                            "arn": "arn:aws:lambda:us-east-1:031103291064:function:networth-api",
                            "dead_letter_config.#": "0",
                            "description": "",
                            "environment.#": "1",
                            "environment.0.variables.%": "8",
                            "environment.0.variables.DB_TABLE": "networth",
                            "environment.0.variables.KMS_KEY_ALIAS": "alias/networth",
                            "environment.0.variables.PLAID_CLIENT_ID": " ",
                            "environment.0.variables.PLAID_ENV": "sandbox",
                            "environment.0.variables.PLAID_PUBLIC_KEY": " ",
                            "environment.0.variables.PLAID_SECRET": " ",
                            "environment.0.variables.SLACK_WEBHOOK_URL": " ",
                            "environment.0.variables.SNS_TOPIC_ARN": "arn:aws:sns:us-east-1:031103291064:networth",
                            "filename": "../bin/networth-api.zip",
                            "function_name": "networth-api",
                            "handler": "api",
                            "id": "networth-api",
                            "invoke_arn": "arn:aws:apigateway:us-east-1:lambda:path/2015-03-31/functions/arn:aws:lambda:us-east-1:031103291064:function:networth-api/invocations",
                            "kms_key_arn": "",
                            "last_modified": "2018-09-23T18:28:19.320+0000",
                            "memory_size": "128",
                            "publish": "false",
                            "qualified_arn": "arn:aws:lambda:us-east-1:031103291064:function:networth-api:$LATEST",
                            "reserved_concurrent_executions": "0",
                            "role": "arn:aws:iam::031103291064:role/LambdaRole",
                            "runtime": "go1.x",
                            "source_code_hash": "3HS6+r/V24I4j7NlzBFtN75LfvvJqxApgRzFlLYiOKw=",
                            "source_code_size": "4464645",
                            "tags.%": "0",
                            "timeout": "3",
                            "tracing_config.#": "1",
                            "tracing_config.0.mode": "PassThrough",
                            "version": "$LATEST",
                            "vpc_config.#": "0"
                        },
                        "meta": {},
                        "tainted": false
                    },
                    "deposed": [],
                    "provider": "provider.aws"
                },
                "aws_route53_record.ARecordLanding": {
                    "type": "aws_route53_record",
                    "depends_on": [
                        "aws_cloudfront_distribution.CloudFrontResource",
                        "data.aws_route53_zone.root"
                    ],
                    "primary": {
                        "id": "Z2TTL74RGQPAD3_knncreative.com_A",
                        "attributes": {
                            "alias.#": "1",
                            "alias.1807823989.evaluate_target_health": "false",
                            "alias.1807823989.name": "dep1z5gp4kiy9.cloudfront.net",
                            "alias.1807823989.zone_id": "Z2FDTNDATAQYW2",
                            "allow_overwrite": "true",
                            "fqdn": "knncreative.com",
                            "health_check_id": "",
                            "id": "Z2TTL74RGQPAD3_knncreative.com_A",
                            "name": "knncreative.com",
                            "records.#": "0",
                            "set_identifier": "",
                            "ttl": "0",
                            "type": "A",
                            "zone_id": "Z2TTL74RGQPAD3"
                        },
                        "meta": {
                            "schema_version": "2"
                        },
                        "tainted": false
                    },
                    "deposed": [],
                    "provider": "provider.aws"
                },
                "aws_s3_bucket.LandingS3Bucket": {
                    "type": "aws_s3_bucket",
                    "depends_on": [],
                    "primary": {
                        "id": "knncreative.com",
                        "attributes": {
                            "acceleration_status": "",
                            "acl": "private",
                            "arn": "arn:aws:s3:::knncreative.com",
                            "bucket": "knncreative.com",
                            "bucket_domain_name": "knncreative.com.s3.amazonaws.com",
                            "bucket_regional_domain_name": "knncreative.com.s3.amazonaws.com",
                            "cors_rule.#": "0",
                            "force_destroy": "false",
                            "hosted_zone_id": "Z3AQBSTGFYJSTF",
                            "id": "knncreative.com",
                            "lifecycle_rule.#": "0",
                            "logging.#": "0",
                            "region": "us-east-1",
                            "replication_configuration.#": "0",
                            "request_payer": "BucketOwner",
                            "server_side_encryption_configuration.#": "0",
                            "tags.%": "0",
                            "versioning.#": "1",
                            "versioning.0.enabled": "false",
                            "versioning.0.mfa_delete": "false",
                            "website.#": "0"
                        },
                        "meta": {},
                        "tainted": false
                    },
                    "deposed": [],
                    "provider": "provider.aws"
                },
                "aws_s3_bucket.LoggingS3Bucket": {
                    "type": "aws_s3_bucket",
                    "depends_on": [],
                    "primary": {
                        "id": "log.knncreative.com",
                        "attributes": {
                            "acceleration_status": "",
                            "acl": "private",
                            "arn": "arn:aws:s3:::log.knncreative.com",
                            "bucket": "log.knncreative.com",
                            "bucket_domain_name": "log.knncreative.com.s3.amazonaws.com",
                            "bucket_regional_domain_name": "log.knncreative.com.s3.amazonaws.com",
                            "cors_rule.#": "0",
                            "force_destroy": "false",
                            "hosted_zone_id": "Z3AQBSTGFYJSTF",
                            "id": "log.knncreative.com",
                            "lifecycle_rule.#": "0",
                            "logging.#": "0",
                            "region": "us-east-1",
                            "replication_configuration.#": "0",
                            "request_payer": "BucketOwner",
                            "server_side_encryption_configuration.#": "0",
                            "tags.%": "0",
                            "versioning.#": "1",
                            "versioning.0.enabled": "false",
                            "versioning.0.mfa_delete": "false",
                            "website.#": "0"
                        },
                        "meta": {},
                        "tainted": false
                    },
                    "deposed": [],
                    "provider": "provider.aws"
                },
                "aws_s3_bucket.S3BucketLambda": {
                    "type": "aws_s3_bucket",
                    "depends_on": [],
                    "primary": {
                        "id": "lambda.knncreative.com",
                        "attributes": {
                            "acceleration_status": "",
                            "acl": "private",
                            "arn": "arn:aws:s3:::lambda.knncreative.com",
                            "bucket": "lambda.knncreative.com",
                            "bucket_domain_name": "lambda.knncreative.com.s3.amazonaws.com",
                            "bucket_regional_domain_name": "lambda.knncreative.com.s3.amazonaws.com",
                            "cors_rule.#": "0",
                            "force_destroy": "false",
                            "hosted_zone_id": "Z3AQBSTGFYJSTF",
                            "id": "lambda.knncreative.com",
                            "lifecycle_rule.#": "0",
                            "logging.#": "0",
                            "region": "us-east-1",
                            "replication_configuration.#": "0",
                            "request_payer": "BucketOwner",
                            "server_side_encryption_configuration.#": "0",
                            "tags.%": "0",
                            "versioning.#": "1",
                            "versioning.0.enabled": "false",
                            "versioning.0.mfa_delete": "false",
                            "website.#": "0"
                        },
                        "meta": {},
                        "tainted": false
                    },
                    "deposed": [],
                    "provider": "provider.aws"
                },
                "aws_s3_bucket.WebAppS3BucketResource": {
                    "type": "aws_s3_bucket",
                    "depends_on": [],
                    "primary": {
                        "id": "webapp.knncreative.com",
                        "attributes": {
                            "acceleration_status": "",
                            "acl": "public-read",
                            "arn": "arn:aws:s3:::webapp.knncreative.com",
                            "bucket": "webapp.knncreative.com",
                            "bucket_domain_name": "webapp.knncreative.com.s3.amazonaws.com",
                            "bucket_regional_domain_name": "webapp.knncreative.com.s3.amazonaws.com",
                            "cors_rule.#": "0",
                            "force_destroy": "false",
                            "hosted_zone_id": "Z3AQBSTGFYJSTF",
                            "id": "webapp.knncreative.com",
                            "lifecycle_rule.#": "0",
                            "logging.#": "0",
                            "region": "us-east-1",
                            "replication_configuration.#": "0",
                            "request_payer": "BucketOwner",
                            "server_side_encryption_configuration.#": "0",
                            "tags.%": "0",
                            "versioning.#": "1",
                            "versioning.0.enabled": "false",
                            "versioning.0.mfa_delete": "false",
                            "website.#": "1",
                            "website.0.error_document": "app/index.html",
                            "website.0.index_document": "index.html",
                            "website.0.redirect_all_requests_to": "",
                            "website.0.routing_rules": "",
                            "website_domain": "s3-website-us-east-1.amazonaws.com",
                            "website_endpoint": "webapp.knncreative.com.s3-website-us-east-1.amazonaws.com"
                        },
                        "meta": {},
                        "tainted": false
                    },
                    "deposed": [],
                    "provider": "provider.aws"
                },
                "aws_s3_bucket.lambda": {
                    "type": "aws_s3_bucket",
                    "depends_on": [],
                    "primary": {
                        "id": "lambda.knncreative.com",
                        "attributes": {
                            "acceleration_status": "",
                            "acl": "private",
                            "arn": "arn:aws:s3:::lambda.knncreative.com",
                            "bucket": "lambda.knncreative.com",
                            "bucket_domain_name": "lambda.knncreative.com.s3.amazonaws.com",
                            "bucket_regional_domain_name": "lambda.knncreative.com.s3.amazonaws.com",
                            "cors_rule.#": "0",
                            "force_destroy": "false",
                            "hosted_zone_id": "Z3AQBSTGFYJSTF",
                            "id": "lambda.knncreative.com",
                            "lifecycle_rule.#": "0",
                            "logging.#": "0",
                            "region": "us-east-1",
                            "replication_configuration.#": "0",
                            "request_payer": "BucketOwner",
                            "server_side_encryption_configuration.#": "0",
                            "tags.%": "0",
                            "versioning.#": "1",
                            "versioning.0.enabled": "false",
                            "versioning.0.mfa_delete": "false",
                            "website.#": "0"
                        },
                        "meta": {},
                        "tainted": false
                    },
                    "deposed": [],
                    "provider": "provider.aws"
                },
                "aws_s3_bucket.landing-bucket": {
                    "type": "aws_s3_bucket",
                    "depends_on": [],
                    "primary": {
                        "id": "knncreative.com",
                        "attributes": {
                            "acceleration_status": "",
                            "acl": "private",
                            "arn": "arn:aws:s3:::knncreative.com",
                            "bucket": "knncreative.com",
                            "bucket_domain_name": "knncreative.com.s3.amazonaws.com",
                            "bucket_regional_domain_name": "knncreative.com.s3.amazonaws.com",
                            "cors_rule.#": "0",
                            "force_destroy": "false",
                            "hosted_zone_id": "Z3AQBSTGFYJSTF",
                            "id": "knncreative.com",
                            "lifecycle_rule.#": "0",
                            "logging.#": "0",
                            "region": "us-east-1",
                            "replication_configuration.#": "0",
                            "request_payer": "BucketOwner",
                            "server_side_encryption_configuration.#": "0",
                            "tags.%": "0",
                            "versioning.#": "1",
                            "versioning.0.enabled": "false",
                            "versioning.0.mfa_delete": "false",
                            "website.#": "0"
                        },
                        "meta": {},
                        "tainted": false
                    },
                    "deposed": [],
                    "provider": "provider.aws"
                },
                "aws_s3_bucket_policy.LandingS3BucketPublicReadPolicy": {
                    "type": "aws_s3_bucket_policy",
                    "depends_on": [
                        "aws_s3_bucket.LandingS3Bucket",
                        "data.aws_iam_policy_document.LandingS3BucketPublicReadPolicyDoc"
                    ],
                    "primary": {
                        "id": "knncreative.com",
                        "attributes": {
                            "bucket": "knncreative.com",
                            "id": "knncreative.com",
                            "policy": "{\"Version\":\"2012-10-17\",\"Statement\":[{\"Sid\":\"\",\"Effect\":\"Allow\",\"Principal\":{\"AWS\":\"arn:aws:iam::cloudfront:user/CloudFront Origin Access Identity ECQ6OLA0SJ4N7\"},\"Action\":\"s3:GetObject\",\"Resource\":\"arn:aws:s3:::knncreative.com/*\"}]}"
                        },
                        "meta": {},
                        "tainted": false
                    },
                    "deposed": [],
                    "provider": "provider.aws"
                },
                "aws_s3_bucket_policy.WebAppS3BucketPolicy": {
                    "type": "aws_s3_bucket_policy",
                    "depends_on": [
                        "aws_s3_bucket.WebAppS3BucketResource",
                        "data.aws_iam_policy_document.WebAppS3BucketPolicyPolicyDoc"
                    ],
                    "primary": {
                        "id": "webapp.knncreative.com",
                        "attributes": {
                            "bucket": "webapp.knncreative.com",
                            "id": "webapp.knncreative.com",
                            "policy": "{\"Version\":\"2012-10-17\",\"Statement\":[{\"Sid\":\"\",\"Effect\":\"Allow\",\"Principal\":\"*\",\"Action\":\"s3:GetObject\",\"Resource\":\"arn:aws:s3:::webapp.knncreative.com/*\"}]}"
                        },
                        "meta": {},
                        "tainted": false
                    },
                    "deposed": [],
                    "provider": "provider.aws"
                },
                "aws_sns_topic.SNSTopic": {
                    "type": "aws_sns_topic",
                    "depends_on": [],
                    "primary": {
                        "id": "arn:aws:sns:us-east-1:031103291064:networth",
                        "attributes": {
                            "application_failure_feedback_role_arn": "",
                            "application_success_feedback_role_arn": "",
                            "application_success_feedback_sample_rate": "0",
                            "arn": "arn:aws:sns:us-east-1:031103291064:networth",
                            "delivery_policy": "",
                            "display_name": "",
                            "http_failure_feedback_role_arn": "",
                            "http_success_feedback_role_arn": "",
                            "http_success_feedback_sample_rate": "0",
                            "id": "arn:aws:sns:us-east-1:031103291064:networth",
                            "lambda_failure_feedback_role_arn": "",
                            "lambda_success_feedback_role_arn": "",
                            "lambda_success_feedback_sample_rate": "0",
                            "name": "networth",
                            "policy": "{\"Version\":\"2008-10-17\",\"Id\":\"__default_policy_ID\",\"Statement\":[{\"Sid\":\"__default_statement_ID\",\"Effect\":\"Allow\",\"Principal\":{\"AWS\":\"*\"},\"Action\":[\"SNS:GetTopicAttributes\",\"SNS:SetTopicAttributes\",\"SNS:AddPermission\",\"SNS:RemovePermission\",\"SNS:DeleteTopic\",\"SNS:Subscribe\",\"SNS:ListSubscriptionsByTopic\",\"SNS:Publish\",\"SNS:Receive\"],\"Resource\":\"arn:aws:sns:us-east-1:031103291064:networth\",\"Condition\":{\"StringEquals\":{\"AWS:SourceOwner\":\"031103291064\"}}}]}",
                            "sqs_failure_feedback_role_arn": "",
                            "sqs_success_feedback_role_arn": "",
                            "sqs_success_feedback_sample_rate": "0"
                        },
                        "meta": {},
                        "tainted": false
                    },
                    "deposed": [],
                    "provider": "provider.aws"
                },
                "aws_ssm_parameter.PLAID_CLIENT_ID": {
                    "type": "aws_ssm_parameter",
                    "depends_on": [],
                    "primary": {
                        "id": "/networth/PLAID_CLIENT_ID",
                        "attributes": {
                            "allowed_pattern": "",
                            "arn": "arn:aws:ssm:us-east-1:031103291064:parameter/networth/PLAID_CLIENT_ID",
                            "description": "",
                            "id": "/networth/PLAID_CLIENT_ID",
                            "key_id": "",
                            "name": "/networth/PLAID_CLIENT_ID",
                            "tags.%": "0",
                            "type": "String",
                            "value": " "
                        },
                        "meta": {},
                        "tainted": false
                    },
                    "deposed": [],
                    "provider": "provider.aws"
                },
                "aws_ssm_parameter.PLAID_ENV": {
                    "type": "aws_ssm_parameter",
                    "depends_on": [],
                    "primary": {
                        "id": "/networth/PLAID_ENV",
                        "attributes": {
                            "allowed_pattern": "",
                            "arn": "arn:aws:ssm:us-east-1:031103291064:parameter/networth/PLAID_ENV",
                            "description": "",
                            "id": "/networth/PLAID_ENV",
                            "key_id": "",
                            "name": "/networth/PLAID_ENV",
                            "tags.%": "0",
                            "type": "String",
                            "value": "sandbox"
                        },
                        "meta": {},
                        "tainted": false
                    },
                    "deposed": [],
                    "provider": "provider.aws"
                },
                "aws_ssm_parameter.PLAID_PUBLIC_KEY": {
                    "type": "aws_ssm_parameter",
                    "depends_on": [],
                    "primary": {
                        "id": "/networth/PLAID_PUBLIC_KEY",
                        "attributes": {
                            "allowed_pattern": "",
                            "arn": "arn:aws:ssm:us-east-1:031103291064:parameter/networth/PLAID_PUBLIC_KEY",
                            "description": "",
                            "id": "/networth/PLAID_PUBLIC_KEY",
                            "key_id": "",
                            "name": "/networth/PLAID_PUBLIC_KEY",
                            "tags.%": "0",
                            "type": "String",
                            "value": " "
                        },
                        "meta": {},
                        "tainted": false
                    },
                    "deposed": [],
                    "provider": "provider.aws"
                },
                "aws_ssm_parameter.PLAID_SECRET": {
                    "type": "aws_ssm_parameter",
                    "depends_on": [],
                    "primary": {
                        "id": "/networth/PLAID_SECRET",
                        "attributes": {
                            "allowed_pattern": "",
                            "arn": "arn:aws:ssm:us-east-1:031103291064:parameter/networth/PLAID_SECRET",
                            "description": "",
                            "id": "/networth/PLAID_SECRET",
                            "key_id": "",
                            "name": "/networth/PLAID_SECRET",
                            "tags.%": "0",
                            "type": "String",
                            "value": " "
                        },
                        "meta": {},
                        "tainted": false
                    },
                    "deposed": [],
                    "provider": "provider.aws"
                },
                "aws_ssm_parameter.SLACK_CHANNEL": {
                    "type": "aws_ssm_parameter",
                    "depends_on": [],
                    "primary": {
                        "id": "/networth/SLACK_CHANNEL",
                        "attributes": {
                            "allowed_pattern": "",
                            "arn": "arn:aws:ssm:us-east-1:031103291064:parameter/networth/SLACK_CHANNEL",
                            "description": "",
                            "id": "/networth/SLACK_CHANNEL",
                            "key_id": "",
                            "name": "/networth/SLACK_CHANNEL",
                            "tags.%": "0",
                            "type": "String",
                            "value": "sns"
                        },
                        "meta": {},
                        "tainted": false
                    },
                    "deposed": [],
                    "provider": "provider.aws"
                },
                "aws_ssm_parameter.SLACK_WEBHOOK_URL": {
                    "type": "aws_ssm_parameter",
                    "depends_on": [],
                    "primary": {
                        "id": "/networth/SLACK_WEBHOOK_URL",
                        "attributes": {
                            "allowed_pattern": "",
                            "arn": "arn:aws:ssm:us-east-1:031103291064:parameter/networth/SLACK_WEBHOOK_URL",
                            "description": "",
                            "id": "/networth/SLACK_WEBHOOK_URL",
                            "key_id": "",
                            "name": "/networth/SLACK_WEBHOOK_URL",
                            "tags.%": "0",
                            "type": "String",
                            "value": " "
                        },
                        "meta": {},
                        "tainted": false
                    },
                    "deposed": [],
                    "provider": "provider.aws"
                },
                "data.aws_iam_policy_document.CognitoIdentityPoolPolicyDoc": {
                    "type": "aws_iam_policy_document",
                    "depends_on": [],
                    "primary": {
                        "id": "3985223725",
                        "attributes": {
                            "id": "3985223725",
                            "json": "{\n  \"Version\": \"2012-10-17\",\n  \"Statement\": [\n    {\n      \"Sid\": \"\",\n      \"Effect\": \"Allow\",\n      \"Action\": \"sts:AssumeRole\",\n      \"Principal\": {\n        \"Service\": \"cognito-idp.amazonaws.com\"\n      }\n    }\n  ]\n}",
                            "statement.#": "1",
                            "statement.0.actions.#": "1",
                            "statement.0.actions.2528466339": "sts:AssumeRole",
                            "statement.0.condition.#": "0",
                            "statement.0.effect": "Allow",
                            "statement.0.not_actions.#": "0",
                            "statement.0.not_principals.#": "0",
                            "statement.0.not_resources.#": "0",
                            "statement.0.principals.#": "1",
                            "statement.0.principals.569997417.identifiers.#": "1",
                            "statement.0.principals.569997417.identifiers.1130267677": "cognito-idp.amazonaws.com",
                            "statement.0.principals.569997417.type": "Service",
                            "statement.0.resources.#": "0",
                            "statement.0.sid": ""
                        },
                        "meta": {},
                        "tainted": false
                    },
                    "deposed": [],
                    "provider": "provider.aws"
                },
                "data.aws_iam_policy_document.DynamoDBPolicyDoc": {
                    "type": "aws_iam_policy_document",
                    "depends_on": [
                        "aws_dynamodb_table.db_table"
                    ],
                    "primary": {
                        "id": "1505849901",
                        "attributes": {
                            "id": "1505849901",
                            "json": "{\n  \"Version\": \"2012-10-17\",\n  \"Statement\": [\n    {\n      \"Sid\": \"\",\n      \"Effect\": \"Allow\",\n      \"Action\": \"dynamodb:*\",\n      \"Resource\": \"arn:aws:dynamodb:us-east-1:031103291064:table/networth\"\n    }\n  ]\n}",
                            "statement.#": "1",
                            "statement.0.actions.#": "1",
                            "statement.0.actions.284441586": "dynamodb:*",
                            "statement.0.condition.#": "0",
                            "statement.0.effect": "Allow",
                            "statement.0.not_actions.#": "0",
                            "statement.0.not_principals.#": "0",
                            "statement.0.not_resources.#": "0",
                            "statement.0.principals.#": "0",
                            "statement.0.resources.#": "1",
                            "statement.0.resources.727761453": "arn:aws:dynamodb:us-east-1:031103291064:table/networth",
                            "statement.0.sid": ""
                        },
                        "meta": {},
                        "tainted": false
                    },
                    "deposed": [],
                    "provider": "provider.aws"
                },
                "data.aws_iam_policy_document.KMSKeyPolicyDoc": {
                    "type": "aws_iam_policy_document",
                    "depends_on": [],
                    "primary": {
                        "id": "93048573",
                        "attributes": {
                            "id": "93048573",
                            "json": "{\n  \"Version\": \"2012-10-17\",\n  \"Statement\": [\n    {\n      \"Sid\": \"\",\n      \"Effect\": \"Allow\",\n      \"Action\": [\n        \"kms:Encrypt\",\n        \"kms:Decrypt\"\n      ],\n      \"Resource\": \"*\",\n      \"Principal\": {\n        \"AWS\": \"aws_iam_role.LambdaRole.arn\"\n      }\n    }\n  ]\n}",
                            "statement.#": "1",
                            "statement.0.actions.#": "2",
                            "statement.0.actions.271337083": "kms:Encrypt",
                            "statement.0.actions.3733000735": "kms:Decrypt",
                            "statement.0.condition.#": "0",
                            "statement.0.effect": "Allow",
                            "statement.0.not_actions.#": "0",
                            "statement.0.not_principals.#": "0",
                            "statement.0.not_resources.#": "0",
                            "statement.0.principals.#": "1",
                            "statement.0.principals.1058654525.identifiers.#": "1",
                            "statement.0.principals.1058654525.identifiers.71464797": "aws_iam_role.LambdaRole.arn",
                            "statement.0.principals.1058654525.type": "AWS",
                            "statement.0.resources.#": "1",
                            "statement.0.resources.2679715827": "*",
                            "statement.0.sid": ""
                        },
                        "meta": {},
                        "tainted": false
                    },
                    "deposed": [],
                    "provider": "provider.aws"
                },
                "data.aws_iam_policy_document.LambdaAssumeRolePolicyDoc": {
                    "type": "aws_iam_policy_document",
                    "depends_on": [],
                    "primary": {
                        "id": "3693445097",
                        "attributes": {
                            "id": "3693445097",
                            "json": "{\n  \"Version\": \"2012-10-17\",\n  \"Statement\": [\n    {\n      \"Sid\": \"\",\n      \"Effect\": \"Allow\",\n      \"Action\": \"sts:AssumeRole\",\n      \"Principal\": {\n        \"Service\": \"lambda.amazonaws.com\"\n      }\n    }\n  ]\n}",
                            "statement.#": "1",
                            "statement.0.actions.#": "1",
                            "statement.0.actions.2528466339": "sts:AssumeRole",
                            "statement.0.condition.#": "0",
                            "statement.0.effect": "Allow",
                            "statement.0.not_actions.#": "0",
                            "statement.0.not_principals.#": "0",
                            "statement.0.not_resources.#": "0",
                            "statement.0.principals.#": "1",
                            "statement.0.principals.3118762561.identifiers.#": "1",
                            "statement.0.principals.3118762561.identifiers.2638019528": "lambda.amazonaws.com",
                            "statement.0.principals.3118762561.type": "Service",
                            "statement.0.resources.#": "0",
                            "statement.0.sid": ""
                        },
                        "meta": {},
                        "tainted": false
                    },
                    "deposed": [],
                    "provider": "provider.aws"
                },
                "data.aws_iam_policy_document.LandingS3BucketPublicReadPolicyDoc": {
                    "type": "aws_iam_policy_document",
                    "depends_on": [
                        "aws_cloudfront_origin_access_identity.id",
                        "aws_s3_bucket.LandingS3Bucket"
                    ],
                    "primary": {
                        "id": "3982158226",
                        "attributes": {
                            "id": "3982158226",
                            "json": "{\n  \"Version\": \"2012-10-17\",\n  \"Statement\": [\n    {\n      \"Sid\": \"\",\n      \"Effect\": \"Allow\",\n      \"Action\": \"s3:GetObject\",\n      \"Resource\": \"arn:aws:s3:::knncreative.com/*\",\n      \"Principal\": {\n        \"AWS\": \"arn:aws:iam::cloudfront:user/CloudFront Origin Access Identity ECQ6OLA0SJ4N7\"\n      }\n    }\n  ]\n}",
                            "statement.#": "1",
                            "statement.0.actions.#": "1",
                            "statement.0.actions.2071725391": "s3:GetObject",
                            "statement.0.condition.#": "0",
                            "statement.0.effect": "Allow",
                            "statement.0.not_actions.#": "0",
                            "statement.0.not_principals.#": "0",
                            "statement.0.not_resources.#": "0",
                            "statement.0.principals.#": "1",
                            "statement.0.principals.283748234.identifiers.#": "1",
                            "statement.0.principals.283748234.identifiers.4217036871": "arn:aws:iam::cloudfront:user/CloudFront Origin Access Identity ECQ6OLA0SJ4N7",
                            "statement.0.principals.283748234.type": "AWS",
                            "statement.0.resources.#": "1",
                            "statement.0.resources.2291350053": "arn:aws:s3:::knncreative.com/*",
                            "statement.0.sid": ""
                        },
                        "meta": {},
                        "tainted": false
                    },
                    "deposed": [],
                    "provider": "provider.aws"
                },
                "data.aws_iam_policy_document.WebAppS3BucketPolicyPolicyDoc": {
                    "type": "aws_iam_policy_document",
                    "depends_on": [
                        "aws_s3_bucket.WebAppS3BucketResource"
                    ],
                    "primary": {
                        "id": "1173834268",
                        "attributes": {
                            "id": "1173834268",
                            "json": "{\n  \"Version\": \"2012-10-17\",\n  \"Statement\": [\n    {\n      \"Sid\": \"\",\n      \"Effect\": \"Allow\",\n      \"Action\": \"s3:GetObject\",\n      \"Resource\": \"arn:aws:s3:::webapp.knncreative.com/*\",\n      \"Principal\": \"*\"\n    }\n  ]\n}",
                            "statement.#": "1",
                            "statement.0.actions.#": "1",
                            "statement.0.actions.2071725391": "s3:GetObject",
                            "statement.0.condition.#": "0",
                            "statement.0.effect": "Allow",
                            "statement.0.not_actions.#": "0",
                            "statement.0.not_principals.#": "0",
                            "statement.0.not_resources.#": "0",
                            "statement.0.principals.#": "1",
                            "statement.0.principals.1372577255.identifiers.#": "1",
                            "statement.0.principals.1372577255.identifiers.2679715827": "*",
                            "statement.0.principals.1372577255.type": "*",
                            "statement.0.resources.#": "1",
                            "statement.0.resources.2795094856": "arn:aws:s3:::webapp.knncreative.com/*",
                            "statement.0.sid": ""
                        },
                        "meta": {},
                        "tainted": false
                    },
                    "deposed": [],
                    "provider": "provider.aws"
                },
                "data.aws_route53_zone.root": {
                    "type": "aws_route53_zone",
                    "depends_on": [],
                    "primary": {
                        "id": "Z2TTL74RGQPAD3",
                        "attributes": {
                            "caller_reference": "833C7A86-BA90-2F1B-8967-0A7325A8FE1E",
                            "comment": "",
                            "id": "Z2TTL74RGQPAD3",
                            "name": "knncreative.com.",
                            "name_servers.#": "4",
                            "name_servers.0": "ns-55.awsdns-06.com",
                            "name_servers.1": "ns-1006.awsdns-61.net",
                            "name_servers.2": "ns-1319.awsdns-36.org",
                            "name_servers.3": "ns-1827.awsdns-36.co.uk",
                            "private_zone": "false",
                            "resource_record_set_count": "4",
                            "zone_id": "Z2TTL74RGQPAD3"
                        },
                        "meta": {},
                        "tainted": false
                    },
                    "deposed": [],
                    "provider": "provider.aws"
                }
            },
            "depends_on": []
        }
    ]
}
