github.com/apex/gateway v1.1.1 h1:dPE3y2LQ/fSJuZikCOvekqXLyn/Wrbgt10MSECobH/Q=
github.com/apex/gateway v1.1.1/go.mod h1:x7iPY22zu9D8sfrynawEwh1wZEO/kQTRaOM5ye02tWU=
github.com/aws/aws-lambda-go v1.6.0 h1:T+u/g79zPKw1oJM7xYhvpq7i4Sjc0iVsXZUaqRVVSOg=
github.com/aws/aws-lambda-go v1.6.0/go.mod h1:zUsUQhAUjYzR8AuduJPCfhBuKWUaDbQiPOG+ouzmE1A=
github.com/aws/aws-sdk-go v1.15.59 h1:K/Jy1OfHttpKHHQEy1V0713bb6XMRiA1HO1aAi/sMNg=
github.com/aws/aws-sdk-go v1.15.59/go.mod h1:E3/ieXAlvM0XWO57iftYVDLLvQ824smPP3ATZkfNZeM=
github.com/aws/aws-sdk-go-v2 v2.0.0-preview.4+incompatible h1:9qh7ItVskIwDsCiQnqISqy8icJS4cc2yenagOUvXbd4=
github.com/aws/aws-sdk-go-v2 v2.0.0-preview.4+incompatible/go.mod h1:5DmdJpM48aUShwAgzBfZDXP+O5nH9IYDqzpovC7q9Y4=
github.com/davecgh/go-spew v1.1.1/go.mod h1:J7Y8YcW2NihsgmVo/mv3lAwl/skON4iLHjSsI+c5H38=
github.com/go-ini/ini v1.39.0 h1:/CyW/jTlZLjuzy52jc1XnhJm6IUKEuunpJFpecywNeI=
github.com/go-ini/ini v1.39.0/go.mod h1:ByCAeIL28uOIIG0E3PJtZPDL8WnHpFKFOtgjp+3Ies8=
github.com/go-redis/redis v6.14.1+incompatible h1:kSJohAREGMr344uMa8PzuIg5OU6ylCbyDkWkkNOfEik=
github.com/go-redis/redis v6.14.1+incompatible/go.mod h1:NAIEuMOZ/fxfXJIrKDQDz8wamY7mA7PouImQ2Jvg6kA=
github.com/gorilla/context v1.1.1 h1:AWwleXJkX/nhcU9bZSnZoi3h/qGYqQAGhq6zZe/aQW8=
github.com/gorilla/context v1.1.1/go.mod h1:kBGZzfjB9CEq2AlWe17Uuf7NDRt0dE0s8S51q0aT7Yg=
github.com/gorilla/mux v1.6.2 h1:Pgr17XVTNXAk3q/r4CpKzC5xBM/qW1uVLV+IhRZpIIk=
github.com/gorilla/mux v1.6.2/go.mod h1:1lud6UwP+6orDFRuTfBEV8e9/aOM/c4fVVCaMa2zaAs=
github.com/jmespath/go-jmespath v0.0.0-20160202185014-0b12d6b521d8 h1:12VvqtR6Aowv3l/EQUlocDHW2Cp4G9WJVH7uyH8QFJE=
github.com/jmespath/go-jmespath v0.0.0-20160202185014-0b12d6b521d8/go.mod h1:Nht3zPeWKUH0NzdCt2Blrr5ys8VGpn0CEB0cQHVjt7k=
github.com/networth-app/networth v0.0.0-20181019070109-7af34b272e9e h1:t3cg3sc+2b0+6ndhJphtSZGhwDeJ1Z9iRCKNPAIn7Yg=
github.com/networth-app/networth v0.0.0-20181019070109-7af34b272e9e/go.mod h1:2ao7ZribndZqtowzn1EWwtVe7BHlu6JZj6lp+ZQ6mZM=
github.com/networth-app/networth/dotenv v0.0.0-20181020070538-07ae72e66c82 h1:tSyL8js6PP/XECj0aLjYOjrjcaJAxxx48g+LYOnYWLg=
github.com/networth-app/networth/dotenv v0.0.0-20181020070538-07ae72e66c82/go.mod h1:wz+raRJgNFD9crCt5q5UzuuREPwSvBmHAz+J2uwmd84=
github.com/networth-app/networth/lib v0.0.0-20181020070538-07ae72e66c82 h1:zp+lDKZBjh9koqbRelZ75CApJdZOCOd7C8mNLNLQWGM=
github.com/networth-app/networth/lib v0.0.0-20181020070538-07ae72e66c82/go.mod h1:x5uNs5s33n1m4+YhGF0uYGr+ZQj3iSSGUm3svblbyiQ=
github.com/pkg/errors v0.8.0 h1:WdK/asTD0HN+q6hsWO3/vpuAkAr+tw6aNJNDFFf0+qw=
github.com/pkg/errors v0.8.0/go.mod h1:bwawxfHBFNV+L2hUp1rHADufV3IMtnDRdf1r5NINEl0=
github.com/plaid/plaid-go v0.0.0-20180625002317-ef879de0d7bd h1:0NQ8P+8Hop86vm7urcCZQxetNcox/SNWEclQu+Yf2Xc=
github.com/plaid/plaid-go v0.0.0-20180625002317-ef879de0d7bd/go.mod h1:c7cDT1Lkcr0AgKJGVIG+oCa07jOrrg4Um8nduQ1eQN0=
github.com/pmezard/go-difflib v1.0.0/go.mod h1:iKH77koFhYxTK1pcRnkKkqfTogsbg7gZNVY4sRDYZ/4=
github.com/rs/cors v1.6.0 h1:G9tHG9lebljV9mfp9SNPDL36nCDxmo3zTlAf1YgvzmI=
github.com/rs/cors v1.6.0/go.mod h1:gFx+x8UowdsKA9AchylcLynDq+nNFfI8FkUZdN/jGCU=
github.com/stretchr/testify v1.2.2/go.mod h1:a8OnRcib4nhh0OaRAV+Yts87kKdq0PP7pXfy6kDkUVs=
golang.org/x/crypto v0.0.0-20181015023909-0c41d7ab0a0e h1:IzypfodbhbnViNUO/MEh0FzCUooG97cIGfdggUrUSyU=
golang.org/x/crypto v0.0.0-20181015023909-0c41d7ab0a0e/go.mod h1:6SG95UA2DQfeDnfUPMdvaQW0Q7yPrPDi9nlGo2tz2b4=
gopkg.in/square/go-jose.v2 v2.1.9 h1:YCFbL5T2gbmC2sMG12s1x2PAlTK5TZNte3hjZEIcCAg=
gopkg.in/square/go-jose.v2 v2.1.9/go.mod h1:M9dMgbHiYLoDGQrXy7OpJDJWiKiU//h+vD76mk0e1AI=
